PODS:
  - GGNLocationPicker (0.1.2):
    - GGNObservable
  - GGNObservable (0.1.0)

DEPENDENCIES:
  - GGNLocationPicker (from `../`)

EXTERNAL SOURCES:
  GGNLocationPicker:
    :path: "../"

SPEC CHECKSUMS:
  GGNLocationPicker: 8165a0a11b4e3e0f59d400c11da6e7d359c3bbe4
  GGNObservable: 5ca33c5f70e4b624dd44be1320080d450ee9d285

PODFILE CHECKSUM: fafced3b95b53056315b136ec81f56bb84650f38

COCOAPODS: 1.0.1
